
Microsoft Visual Studio Solution File, Format Version 12.00
# Visual Studio 15
VisualStudioVersion = 15.0.28010.2026
MinimumVisualStudioVersion = 10.0.40219.1
Project("{FAE04EC0-301F-11D3-BF4B-00C04F79EFBC}") = "Book Shop", "Book Shop\Book Shop.csproj", "{67058A6C-693A-4883-8E53-DB2DA4641520}"
EndProject
Global
	GlobalSection(SolutionConfigurationPlatforms) = preSolution
		Debug|Any CPU = Debug|Any CPU
		Release|Any CPU = Release|Any CPU
	EndGlobalSection
	GlobalSection(ProjectConfigurationPlatforms) = postSolution
		{67058A6C-693A-4883-8E53-DB2DA4641520}.Debug|Any CPU.ActiveCfg = Debug|Any CPU
		{67058A6C-693A-4883-8E53-DB2DA4641520}.Debug|Any CPU.Build.0 = Debug|Any CPU
		{67058A6C-693A-4883-8E53-DB2DA4641520}.Release|Any CPU.ActiveCfg = Release|Any CPU
		{67058A6C-693A-4883-8E53-DB2DA4641520}.Release|Any CPU.Build.0 = Release|Any CPU
	EndGlobalSection
	GlobalSection(SolutionProperties) = preSolution
		HideSolutionNode = FALSE
	EndGlobalSection
	GlobalSection(ExtensibilityGlobals) = postSolution
		SolutionGuid = {AD87CE7B-3FCD-48B3-9D17-C8A522191A7F}
	EndGlobalSection
EndGlobal
