
Microsoft Visual Studio Solution File, Format Version 12.00
# Visual Studio 15
VisualStudioVersion = 15.0.28010.2026
MinimumVisualStudioVersion = 10.0.40219.1
Project("{FAE04EC0-301F-11D3-BF4B-00C04F79EFBC}") = "static members", "static members\static members.csproj", "{252BEB88-224E-4CFF-B4D9-D5DE7894B6B4}"
EndProject
Global
	GlobalSection(SolutionConfigurationPlatforms) = preSolution
		Debug|Any CPU = Debug|Any CPU
		Release|Any CPU = Release|Any CPU
	EndGlobalSection
	GlobalSection(ProjectConfigurationPlatforms) = postSolution
		{252BEB88-224E-4CFF-B4D9-D5DE7894B6B4}.Debug|Any CPU.ActiveCfg = Debug|Any CPU
		{252BEB88-224E-4CFF-B4D9-D5DE7894B6B4}.Debug|Any CPU.Build.0 = Debug|Any CPU
		{252BEB88-224E-4CFF-B4D9-D5DE7894B6B4}.Release|Any CPU.ActiveCfg = Release|Any CPU
		{252BEB88-224E-4CFF-B4D9-D5DE7894B6B4}.Release|Any CPU.Build.0 = Release|Any CPU
	EndGlobalSection
	GlobalSection(SolutionProperties) = preSolution
		HideSolutionNode = FALSE
	EndGlobalSection
	GlobalSection(ExtensibilityGlobals) = postSolution
		SolutionGuid = {BA2F9237-48CE-47F4-899F-CDD896B200BB}
	EndGlobalSection
EndGlobal
